
Microsoft Visual Studio Solution File, Format Version 12.00
# Visual Studio 2013
VisualStudioVersion = 12.0.40629.0
MinimumVisualStudioVersion = 10.0.40219.1
Project("{FAE04EC0-301F-11D3-BF4B-00C04F79EFBC}") = "web-api-rest", "web-api-rest\web-api-rest.csproj", "{4262AC47-F48B-4767-9D8C-45AF5ACB071D}"
EndProject
Project("{FAE04EC0-301F-11D3-BF4B-00C04F79EFBC}") = "WebApiRestTests", "WebApiRestTests\WebApiRestTests.csproj", "{ED90C4BA-7052-4AB0-B295-F4E8BE395C10}"
EndProject
Global
	GlobalSection(SolutionConfigurationPlatforms) = preSolution
		Debug|Any CPU = Debug|Any CPU
		Release|Any CPU = Release|Any CPU
	EndGlobalSection
	GlobalSection(ProjectConfigurationPlatforms) = postSolution
		{4262AC47-F48B-4767-9D8C-45AF5ACB071D}.Debug|Any CPU.ActiveCfg = Debug|Any CPU
		{4262AC47-F48B-4767-9D8C-45AF5ACB071D}.Debug|Any CPU.Build.0 = Debug|Any CPU
		{4262AC47-F48B-4767-9D8C-45AF5ACB071D}.Release|Any CPU.ActiveCfg = Release|Any CPU
		{4262AC47-F48B-4767-9D8C-45AF5ACB071D}.Release|Any CPU.Build.0 = Release|Any CPU
		{ED90C4BA-7052-4AB0-B295-F4E8BE395C10}.Debug|Any CPU.ActiveCfg = Debug|Any CPU
		{ED90C4BA-7052-4AB0-B295-F4E8BE395C10}.Debug|Any CPU.Build.0 = Debug|Any CPU
		{ED90C4BA-7052-4AB0-B295-F4E8BE395C10}.Release|Any CPU.ActiveCfg = Release|Any CPU
		{ED90C4BA-7052-4AB0-B295-F4E8BE395C10}.Release|Any CPU.Build.0 = Release|Any CPU
	EndGlobalSection
	GlobalSection(SolutionProperties) = preSolution
		HideSolutionNode = FALSE
	EndGlobalSection
EndGlobal
